
Microsoft Visual Studio Solution File, Format Version 12.00
# Visual Studio Version 16
VisualStudioVersion = 16.0.31313.79
MinimumVisualStudioVersion = 10.0.40219.1
Project("{9A19103F-16F7-4668-BE54-9A1E7A4F7556}") = "WebApi.Server", "Server\WebApi.Server.csproj", "{2D826888-4B6B-4DB4-B0E5-9E7F59C5EC6B}"
EndProject
Project("{9A19103F-16F7-4668-BE54-9A1E7A4F7556}") = "WebApi.Client", "Client\WebApi.Client.csproj", "{8092824B-6A55-4311-84B7-60616B15CA9A}"
EndProject
Project("{9A19103F-16F7-4668-BE54-9A1E7A4F7556}") = "WebApi.Shared", "Shared\WebApi.Shared.csproj", "{D8D5D4EE-B53F-4EB1-92F9-C521771731B4}"
EndProject
Global
	GlobalSection(SolutionConfigurationPlatforms) = preSolution
		Debug|Any CPU = Debug|Any CPU
		Release|Any CPU = Release|Any CPU
	EndGlobalSection
	GlobalSection(ProjectConfigurationPlatforms) = postSolution
		{2D826888-4B6B-4DB4-B0E5-9E7F59C5EC6B}.Debug|Any CPU.ActiveCfg = Debug|Any CPU
		{2D826888-4B6B-4DB4-B0E5-9E7F59C5EC6B}.Debug|Any CPU.Build.0 = Debug|Any CPU
		{2D826888-4B6B-4DB4-B0E5-9E7F59C5EC6B}.Release|Any CPU.ActiveCfg = Release|Any CPU
		{2D826888-4B6B-4DB4-B0E5-9E7F59C5EC6B}.Release|Any CPU.Build.0 = Release|Any CPU
		{8092824B-6A55-4311-84B7-60616B15CA9A}.Debug|Any CPU.ActiveCfg = Debug|Any CPU
		{8092824B-6A55-4311-84B7-60616B15CA9A}.Debug|Any CPU.Build.0 = Debug|Any CPU
		{8092824B-6A55-4311-84B7-60616B15CA9A}.Release|Any CPU.ActiveCfg = Release|Any CPU
		{8092824B-6A55-4311-84B7-60616B15CA9A}.Release|Any CPU.Build.0 = Release|Any CPU
		{D8D5D4EE-B53F-4EB1-92F9-C521771731B4}.Debug|Any CPU.ActiveCfg = Debug|Any CPU
		{D8D5D4EE-B53F-4EB1-92F9-C521771731B4}.Debug|Any CPU.Build.0 = Debug|Any CPU
		{D8D5D4EE-B53F-4EB1-92F9-C521771731B4}.Release|Any CPU.ActiveCfg = Release|Any CPU
		{D8D5D4EE-B53F-4EB1-92F9-C521771731B4}.Release|Any CPU.Build.0 = Release|Any CPU
	EndGlobalSection
	GlobalSection(SolutionProperties) = preSolution
		HideSolutionNode = FALSE
	EndGlobalSection
	GlobalSection(ExtensibilityGlobals) = postSolution
		SolutionGuid = {DEE828A8-2BEC-4EBA-81B9-BC454E555718}
	EndGlobalSection
EndGlobal
